
Microsoft Visual Studio Solution File, Format Version 12.00
# Visual Studio 15
VisualStudioVersion = 15.0.28307.1525
MinimumVisualStudioVersion = 10.0.40219.1
Project("{9A19103F-16F7-4668-BE54-9A1E7A4F7556}") = "EstudiarEsElCamino.Core", "EstudiarEsElCamino.Core\EstudiarEsElCamino.Core.csproj", "{68D9D3F2-8161-4D86-9887-5E3E4ED64A18}"
EndProject
Project("{9A19103F-16F7-4668-BE54-9A1E7A4F7556}") = "EstudiarEsElCamino.Core.Test", "EstudiarEsElCamino.Core.Test\EstudiarEsElCamino.Core.Test.csproj", "{E3EA41DE-8607-4C2A-BF13-BF932F87185F}"
EndProject
Project("{FAE04EC0-301F-11D3-BF4B-00C04F79EFBC}") = "EstudiarEsElCamino.UI", "EstudiarEsElCamino.UI\EstudiarEsElCamino.UI.csproj", "{15701A4F-2890-4B8E-93C7-F6BE1C9DD88E}"
EndProject
Global
	GlobalSection(SolutionConfigurationPlatforms) = preSolution
		Debug|Any CPU = Debug|Any CPU
		Release|Any CPU = Release|Any CPU
	EndGlobalSection
	GlobalSection(ProjectConfigurationPlatforms) = postSolution
		{68D9D3F2-8161-4D86-9887-5E3E4ED64A18}.Debug|Any CPU.ActiveCfg = Debug|Any CPU
		{68D9D3F2-8161-4D86-9887-5E3E4ED64A18}.Debug|Any CPU.Build.0 = Debug|Any CPU
		{68D9D3F2-8161-4D86-9887-5E3E4ED64A18}.Release|Any CPU.ActiveCfg = Release|Any CPU
		{68D9D3F2-8161-4D86-9887-5E3E4ED64A18}.Release|Any CPU.Build.0 = Release|Any CPU
		{E3EA41DE-8607-4C2A-BF13-BF932F87185F}.Debug|Any CPU.ActiveCfg = Debug|Any CPU
		{E3EA41DE-8607-4C2A-BF13-BF932F87185F}.Debug|Any CPU.Build.0 = Debug|Any CPU
		{E3EA41DE-8607-4C2A-BF13-BF932F87185F}.Release|Any CPU.ActiveCfg = Release|Any CPU
		{E3EA41DE-8607-4C2A-BF13-BF932F87185F}.Release|Any CPU.Build.0 = Release|Any CPU
		{15701A4F-2890-4B8E-93C7-F6BE1C9DD88E}.Debug|Any CPU.ActiveCfg = Debug|Any CPU
		{15701A4F-2890-4B8E-93C7-F6BE1C9DD88E}.Debug|Any CPU.Build.0 = Debug|Any CPU
		{15701A4F-2890-4B8E-93C7-F6BE1C9DD88E}.Release|Any CPU.ActiveCfg = Release|Any CPU
		{15701A4F-2890-4B8E-93C7-F6BE1C9DD88E}.Release|Any CPU.Build.0 = Release|Any CPU
	EndGlobalSection
	GlobalSection(SolutionProperties) = preSolution
		HideSolutionNode = FALSE
	EndGlobalSection
	GlobalSection(ExtensibilityGlobals) = postSolution
		SolutionGuid = {2218C6E8-FC71-471F-9994-E986E58118D1}
	EndGlobalSection
EndGlobal
